
Microsoft Visual Studio Solution File, Format Version 11.00
# Visual Studio 2010
Project("{8BC9CEB8-8B4A-11D0-8D11-00A0C91BC942}") = "神秘图案（选做）", "神秘图案（选做）\神秘图案（选做）.vcxproj", "{5FED21B4-EEA0-4B42-8184-FE2D2EC5B304}"
EndProject
Global
	GlobalSection(SolutionConfigurationPlatforms) = preSolution
		Debug|Win32 = Debug|Win32
		Release|Win32 = Release|Win32
	EndGlobalSection
	GlobalSection(ProjectConfigurationPlatforms) = postSolution
		{5FED21B4-EEA0-4B42-8184-FE2D2EC5B304}.Debug|Win32.ActiveCfg = Debug|Win32
		{5FED21B4-EEA0-4B42-8184-FE2D2EC5B304}.Debug|Win32.Build.0 = Debug|Win32
		{5FED21B4-EEA0-4B42-8184-FE2D2EC5B304}.Release|Win32.ActiveCfg = Release|Win32
		{5FED21B4-EEA0-4B42-8184-FE2D2EC5B304}.Release|Win32.Build.0 = Release|Win32
	EndGlobalSection
	GlobalSection(SolutionProperties) = preSolution
		HideSolutionNode = FALSE
	EndGlobalSection
EndGlobal
