
Microsoft Visual Studio Solution File, Format Version 11.00
# Visual Studio 2010
Project("{8BC9CEB8-8B4A-11D0-8D11-00A0C91BC942}") = "九九乘法表", "九九乘法表\九九乘法表.vcxproj", "{535C9087-F361-4E5D-8642-8A28DD3D5168}"
EndProject
Global
	GlobalSection(SolutionConfigurationPlatforms) = preSolution
		Debug|Win32 = Debug|Win32
		Release|Win32 = Release|Win32
	EndGlobalSection
	GlobalSection(ProjectConfigurationPlatforms) = postSolution
		{535C9087-F361-4E5D-8642-8A28DD3D5168}.Debug|Win32.ActiveCfg = Debug|Win32
		{535C9087-F361-4E5D-8642-8A28DD3D5168}.Debug|Win32.Build.0 = Debug|Win32
		{535C9087-F361-4E5D-8642-8A28DD3D5168}.Release|Win32.ActiveCfg = Release|Win32
		{535C9087-F361-4E5D-8642-8A28DD3D5168}.Release|Win32.Build.0 = Release|Win32
	EndGlobalSection
	GlobalSection(SolutionProperties) = preSolution
		HideSolutionNode = FALSE
	EndGlobalSection
EndGlobal
