
Microsoft Visual Studio Solution File, Format Version 11.00
# Visual Studio 2010
Project("{8BC9CEB8-8B4A-11D0-8D11-00A0C91BC942}") = "三个整数的运算", "三个整数的运算\三个整数的运算.vcxproj", "{2E49FDDF-DE8D-4F40-82AE-00D563ED3755}"
EndProject
Global
	GlobalSection(SolutionConfigurationPlatforms) = preSolution
		Debug|Win32 = Debug|Win32
		Release|Win32 = Release|Win32
	EndGlobalSection
	GlobalSection(ProjectConfigurationPlatforms) = postSolution
		{2E49FDDF-DE8D-4F40-82AE-00D563ED3755}.Debug|Win32.ActiveCfg = Debug|Win32
		{2E49FDDF-DE8D-4F40-82AE-00D563ED3755}.Debug|Win32.Build.0 = Debug|Win32
		{2E49FDDF-DE8D-4F40-82AE-00D563ED3755}.Release|Win32.ActiveCfg = Release|Win32
		{2E49FDDF-DE8D-4F40-82AE-00D563ED3755}.Release|Win32.Build.0 = Release|Win32
	EndGlobalSection
	GlobalSection(SolutionProperties) = preSolution
		HideSolutionNode = FALSE
	EndGlobalSection
EndGlobal
