
Microsoft Visual Studio Solution File, Format Version 11.00
# Visual Studio 2010
Project("{8BC9CEB8-8B4A-11D0-8D11-00A0C91BC942}") = "最大公约数和最小公倍数", "最大公约数和最小公倍数\最大公约数和最小公倍数.vcxproj", "{9349692A-3236-44E8-A3D4-BC1495BC5EDC}"
EndProject
Global
	GlobalSection(SolutionConfigurationPlatforms) = preSolution
		Debug|Win32 = Debug|Win32
		Release|Win32 = Release|Win32
	EndGlobalSection
	GlobalSection(ProjectConfigurationPlatforms) = postSolution
		{9349692A-3236-44E8-A3D4-BC1495BC5EDC}.Debug|Win32.ActiveCfg = Debug|Win32
		{9349692A-3236-44E8-A3D4-BC1495BC5EDC}.Debug|Win32.Build.0 = Debug|Win32
		{9349692A-3236-44E8-A3D4-BC1495BC5EDC}.Release|Win32.ActiveCfg = Release|Win32
		{9349692A-3236-44E8-A3D4-BC1495BC5EDC}.Release|Win32.Build.0 = Release|Win32
	EndGlobalSection
	GlobalSection(SolutionProperties) = preSolution
		HideSolutionNode = FALSE
	EndGlobalSection
EndGlobal
